// !$*UTF8*$!
{
	archiveVersion = 1;
	classes = {
	};
	objectVersion = 46;
	objects = {

/* Begin PBXBuildFile section */
		7C56CC7E1D30689100D2AD58 /* CalculationController.swift in Sources */ = {isa = PBXBuildFile; fileRef = 7C56CC7D1D30689100D2AD58 /* CalculationController.swift */; };
		7C596C511D3715390013026A /* MapKit.framework in Frameworks */ = {isa = PBXBuildFile; fileRef = 7C596C501D3715390013026A /* MapKit.framework */; };
		7C7C65501D1C9549005E9354 /* AppDelegate.swift in Sources */ = {isa = PBXBuildFile; fileRef = 7C7C654F1D1C9549005E9354 /* AppDelegate.swift */; };
		7C7C65551D1C9549005E9354 /* Main.storyboard in Resources */ = {isa = PBXBuildFile; fileRef = 7C7C65531D1C9549005E9354 /* Main.storyboard */; };
		7C7C65571D1C9549005E9354 /* Assets.xcassets in Resources */ = {isa = PBXBuildFile; fileRef = 7C7C65561D1C9549005E9354 /* Assets.xcassets */; };
		7C7C655A1D1C9549005E9354 /* LaunchScreen.storyboard in Resources */ = {isa = PBXBuildFile; fileRef = 7C7C65581D1C9549005E9354 /* LaunchScreen.storyboard */; };
/* End PBXBuildFile section */

/* Begin PBXFileReference section */
		7C56CC7D1D30689100D2AD58 /* CalculationController.swift */ = {isa = PBXFileReference; fileEncoding = 4; lastKnownFileType = sourcecode.swift; path = CalculationController.swift; sourceTree = "<group>"; };
		7C596C501D3715390013026A /* MapKit.framework */ = {isa = PBXFileReference; lastKnownFileType = wrapper.framework; name = MapKit.framework; path = System/Library/Frameworks/MapKit.framework; sourceTree = SDKROOT; };
		7C7C654C1D1C9549005E9354 /* WorldTrotter.app */ = {isa = PBXFileReference; explicitFileType = wrapper.application; includeInIndex = 0; path = WorldTrotter.app; sourceTree = BUILT_PRODUCTS_DIR; };
		7C7C654F1D1C9549005E9354 /* AppDelegate.swift */ = {isa = PBXFileReference; lastKnownFileType = sourcecode.swift; path = AppDelegate.swift; sourceTree = "<group>"; };
		7C7C65541D1C9549005E9354 /* Base */ = {isa = PBXFileReference; lastKnownFileType = file.storyboard; name = Base; path = Base.lproj/Main.storyboard; sourceTree = "<group>"; };
		7C7C65561D1C9549005E9354 /* Assets.xcassets */ = {isa = PBXFileReference; lastKnownFileType = folder.assetcatalog; path = Assets.xcassets; sourceTree = "<group>"; };
		7C7C65591D1C9549005E9354 /* Base */ = {isa = PBXFileReference; lastKnownFileType = file.storyboard; name = Base; path = Base.lproj/LaunchScreen.storyboard; sourceTree = "<group>"; };
		7C7C655B1D1C9549005E9354 /* Info.plist */ = {isa = PBXFileReference; lastKnownFileType = text.plist.xml; path = Info.plist; sourceTree = "<group>"; };
/* End PBXFileReference section */

/* Begin PBXFrameworksBuildPhase section */
		7C7C65491D1C9549005E9354 /* Frameworks */ = {
			isa = PBXFrameworksBuildPhase;
			buildActionMask = 2147483647;
			files = (
				7C596C511D3715390013026A /* MapKit.framework in Frameworks */,
			);
			runOnlyForDeploymentPostprocessing = 0;
		};
/* End PBXFrameworksBuildPhase section */

/* Begin PBXGroup section */
		7C7C65431D1C9549005E9354 = {
			isa = PBXGroup;
			children = (
				7C596C501D3715390013026A /* MapKit.framework */,
				7C7C654E1D1C9549005E9354 /* WorldTrotter */,
				7C7C654D1D1C9549005E9354 /* Products */,
			);
			sourceTree = "<group>";
		};
		7C7C654D1D1C9549005E9354 /* Products */ = {
			isa = PBXGroup;
			children = (
				7C7C654C1D1C9549005E9354 /* WorldTrotter.app */,
			);
			name = Products;
			sourceTree = "<group>";
		};
		7C7C654E1D1C9549005E9354 /* WorldTrotter */ = {
			isa = PBXGroup;
			children = (
				7C56CC7D1D30689100D2AD58 /* CalculationController.swift */,
				7C7C654F1D1C9549005E9354 /* AppDelegate.swift */,
				7C7C65531D1C9549005E9354 /* Main.storyboard */,
				7C7C65561D1C9549005E9354 /* Assets.xcassets */,
				7C7C65581D1C9549005E9354 /* LaunchScreen.storyboard */,
				7C7C655B1D1C9549005E9354 /* Info.plist */,
			);
			path = WorldTrotter;
			sourceTree = "<group>";
		};
/* End PBXGroup section */

/* Begin PBXNativeTarget section */
		7C7C654B1D1C9549005E9354 /* WorldTrotter */ = {
			isa = PBXNativeTarget;
			buildConfigurationList = 7C7C655E1D1C9549005E9354 /* Build configuration list for PBXNativeTarget "WorldTrotter" */;
			buildPhases = (
				7C7C65481D1C9549005E9354 /* Sources */,
				7C7C65491D1C9549005E9354 /* Frameworks */,
				7C7C654A1D1C9549005E9354 /* Resources */,
			);
			buildRules = (
			);
			dependencies = (
			);
			name = WorldTrotter;
			productName = WorldTrotter;
			productReference = 7C7C654C1D1C9549005E9354 /* WorldTrotter.app */;
			productType = "com.apple.product-type.application";
		};
/* End PBXNativeTarget section */

/* Begin PBXProject section */
		7C7C65441D1C9549005E9354 /* Project object */ = {
			isa = PBXProject;
			attributes = {
				LastSwiftUpdateCheck = 0730;
				LastUpgradeCheck = 0730;
				ORGANIZATIONNAME = osama;
				TargetAttributes = {
					7C7C654B1D1C9549005E9354 = {
						CreatedOnToolsVersion = 7.3.1;
					};
				};
			};
			buildConfigurationList = 7C7C65471D1C9549005E9354 /* Build configuration list for PBXProject "WorldTrotter" */;
			compatibilityVersion = "Xcode 3.2";
			developmentRegion = English;
			hasScannedForEncodings = 0;
			knownRegions = (
				en,
				Base,
			);
			mainGroup = 7C7C65431D1C9549005E9354;
			productRefGroup = 7C7C654D1D1C9549005E9354 /* Products */;
			projectDirPath = "";
			projectRoot = "";
			targets = (
				7C7C654B1D1C9549005E9354 /* WorldTrotter */,
			);
		};
/* End PBXProject section */

/* Begin PBXResourcesBuildPhase section */
		7C7C654A1D1C9549005E9354 /* Resources */ = {
			isa = PBXResourcesBuildPhase;
			buildActionMask = 2147483647;
			files = (
				7C7C655A1D1C9549005E9354 /* LaunchScreen.storyboard in Resources */,
				7C7C65571D1C9549005E9354 /* Assets.xcassets in Resources */,
				7C7C65551D1C9549005E9354 /* Main.storyboard in Resources */,
			);
			runOnlyForDeploymentPostprocessing = 0;
		};
/* End PBXResourcesBuildPhase section */

/* Begin PBXSourcesBuildPhase section */
		7C7C65481D1C9549005E9354 /* Sources */ = {
			isa = PBXSourcesBuildPhase;
			buildActionMask = 2147483647;
			files = (
				7C7C65501D1C9549005E9354 /* AppDelegate.swift in Sources */,
				7C56CC7E1D30689100D2AD58 /* CalculationController.swift in Sources */,
			);
			runOnlyForDeploymentPostprocessing = 0;
		};
/* End PBXSourcesBuildPhase section */

/* Begin PBXVariantGroup section */
		7C7C65531D1C9549005E9354 /* Main.storyboard */ = {
			isa = PBXVariantGroup;
			children = (
				7C7C65541D1C9549005E9354 /* Base */,
			);
			name = Main.storyboard;
			sourceTree = "<group>";
		};
		7C7C65581D1C9549005E9354 /* LaunchScreen.storyboard */ = {
			isa = PBXVariantGroup;
			children = (
				7C7C65591D1C9549005E9354 /* Base */,
			);
			name = LaunchScreen.storyboard;
			sourceTree = "<group>";
		};
/* End PBXVariantGroup section */

/* Begin XCBuildConfiguration section */
		7C7C655C1D1C9549005E9354 /* Debug */ = {
			isa = XCBuildConfiguration;
			buildSettings = {
				ALWAYS_SEARCH_USER_PATHS = NO;
				CLANG_ANALYZER_NONNULL = YES;
				CLANG_CXX_LANGUAGE_STANDARD = "gnu++0x";
				CLANG_CXX_LIBRARY = "libc++";
				CLANG_ENABLE_MODULES = YES;
				CLANG_ENABLE_OBJC_ARC = YES;
				CLANG_WARN_BOOL_CONVERSION = YES;
				CLANG_WARN_CONSTANT_CONVERSION = YES;
				CLANG_WARN_DIRECT_OBJC_ISA_USAGE = YES_ERROR;
				CLANG_WARN_EMPTY_BODY = YES;
				CLANG_WARN_ENUM_CONVERSION = YES;
				CLANG_WARN_INT_CONVERSION = YES;
				CLANG_WARN_OBJC_ROOT_CLASS = YES_ERROR;
				CLANG_WARN_UNREACHABLE_CODE = YES;
				CLANG_WARN__DUPLICATE_METHOD_MATCH = YES;
				"CODE_SIGN_IDENTITY[sdk=iphoneos*]" = "iPhone Developer";
				COPY_PHASE_STRIP = NO;
				DEBUG_INFORMATION_FORMAT = dwarf;
				ENABLE_STRICT_OBJC_MSGSEND = YES;
				ENABLE_TESTABILITY = YES;
				GCC_C_LANGUAGE_STANDARD = gnu99;
				GCC_DYNAMIC_NO_PIC = NO;
				GCC_NO_COMMON_BLOCKS = YES;
				GCC_OPTIMIZATION_LEVEL = 0;
				GCC_PREPROCESSOR_DEFINITIONS = (
					"DEBUG=1",
					"$(inherited)",
				);
				GCC_WARN_64_TO_32_BIT_CONVERSION = YES;
				GCC_WARN_ABOUT_RETURN_TYPE = YES_ERROR;
				GCC_WARN_UNDECLARED_SELECTOR = YES;
				GCC_WARN_UNINITIALIZED_AUTOS = YES_AGGRESSIVE;
				GCC_WARN_UNUSED_FUNCTION = YES;
				GCC_WARN_UNUSED_VARIABLE = YES;
				IPHONEOS_DEPLOYMENT_TARGET = 9.3;
				MTL_ENABLE_DEBUG_INFO = YES;
				ONLY_ACTIVE_ARCH = YES;
				SDKROOT = iphoneos;
				SWIFT_OPTIMIZATION_LEVEL = "-Onone";
			};
			name = Debug;
		};
		7C7C655D1D1C9549005E9354 /* Release */ = {
			isa = XCBuildConfiguration;
			buildSettings = {
				ALWAYS_SEARCH_USER_PATHS = NO;
				CLANG_ANALYZER_NONNULL = YES;
				CLANG_CXX_LANGUAGE_STANDARD = "gnu++0x";
				CLANG_CXX_LIBRARY = "libc++";
				CLANG_ENABLE_MODULES = YES;
				CLANG_ENABLE_OBJC_ARC = YES;
				CLANG_WARN_BOOL_CONVERSION = YES;
				CLANG_WARN_CONSTANT_CONVERSION = YES;
				CLANG_WARN_DIRECT_OBJC_ISA_USAGE = YES_ERROR;
				CLANG_WARN_EMPTY_BODY = YES;
				CLANG_WARN_ENUM_CONVERSION = YES;
				CLANG_WARN_INT_CONVERSION = YES;
				CLANG_WARN_OBJC_ROOT_CLASS = YES_ERROR;
				CLANG_WARN_UNREACHABLE_CODE = YES;
				CLANG_WARN__DUPLICATE_METHOD_MATCH = YES;
				"CODE_SIGN_IDENTITY[sdk=iphoneos*]" = "iPhone Developer";
				COPY_PHASE_STRIP = NO;
				DEBUG_INFORMATION_FORMAT = "dwarf-with-dsym";
				ENABLE_NS_ASSERTIONS = NO;
				ENABLE_STRICT_OBJC_MSGSEND = YES;
				GCC_C_LANGUAGE_STANDARD = gnu99;
				GCC_NO_COMMON_BLOCKS = YES;
				GCC_WARN_64_TO_32_BIT_CONVERSION = YES;
				GCC_WARN_ABOUT_RETURN_TYPE = YES_ERROR;
				GCC_WARN_UNDECLARED_SELECTOR = YES;
				GCC_WARN_UNINITIALIZED_AUTOS = YES_AGGRESSIVE;
				GCC_WARN_UNUSED_FUNCTION = YES;
				GCC_WARN_UNUSED_VARIABLE = YES;
				IPHONEOS_DEPLOYMENT_TARGET = 9.3;
				MTL_ENABLE_DEBUG_INFO = NO;
				SDKROOT = iphoneos;
				VALIDATE_PRODUCT = YES;
			};
			name = Release;
		};
		7C7C655F1D1C9549005E9354 /* Debug */ = {
			isa = XCBuildConfiguration;
			buildSettings = {
				ASSETCATALOG_COMPILER_APPICON_NAME = AppIcon;
				INFOPLIST_FILE = WorldTrotter/Info.plist;
				LD_RUNPATH_SEARCH_PATHS = "$(inherited) @executable_path/Frameworks";
				PRODUCT_BUNDLE_IDENTIFIER = osama.WorldTrotter;
				PRODUCT_NAME = "$(TARGET_NAME)";
			};
			name = Debug;
		};
		7C7C65601D1C9549005E9354 /* Release */ = {
			isa = XCBuildConfiguration;
			buildSettings = {
				ASSETCATALOG_COMPILER_APPICON_NAME = AppIcon;
				INFOPLIST_FILE = WorldTrotter/Info.plist;
				LD_RUNPATH_SEARCH_PATHS = "$(inherited) @executable_path/Frameworks";
				PRODUCT_BUNDLE_IDENTIFIER = osama.WorldTrotter;
				PRODUCT_NAME = "$(TARGET_NAME)";
			};
			name = Release;
		};
/* End XCBuildConfiguration section */

/* Begin XCConfigurationList section */
		7C7C65471D1C9549005E9354 /* Build configuration list for PBXProject "WorldTrotter" */ = {
			isa = XCConfigurationList;
			buildConfigurations = (
				7C7C655C1D1C9549005E9354 /* Debug */,
				7C7C655D1D1C9549005E9354 /* Release */,
			);
			defaultConfigurationIsVisible = 0;
			defaultConfigurationName = Release;
		};
		7C7C655E1D1C9549005E9354 /* Build configuration list for PBXNativeTarget "WorldTrotter" */ = {
			isa = XCConfigurationList;
			buildConfigurations = (
				7C7C655F1D1C9549005E9354 /* Debug */,
				7C7C65601D1C9549005E9354 /* Release */,
			);
			defaultConfigurationIsVisible = 0;
			defaultConfigurationName = Release;
		};
/* End XCConfigurationList section */
	};
	rootObject = 7C7C65441D1C9549005E9354 /* Project object */;
}
